{
    "_readme": [
        "This file locks the dependencies of your project to a known state",
        "Read more about it at https://getcomposer.org/doc/01-basic-usage.md#installing-dependencies",
        "This file is @generated automatically"
    ],
    "content-hash": "b03f00c299651eaf91ac368f760179d2",
    "packages": [
        {
            "name": "cwf-php/cwf-php",
            "version": "0.84.0",
            "source": {
                "type": "git",
                "url": "https://github.com/mhlbocian/cwf-php.git",
                "reference": "6c97714c507ef9cccc735ee140f989cc30610cfa"
            },
            "dist": {
                "type": "zip",
                "url": "https://api.github.com/repos/mhlbocian/cwf-php/zipball/6c97714c507ef9cccc735ee140f989cc30610cfa",
                "reference": "6c97714c507ef9cccc735ee140f989cc30610cfa",
                "shasum": ""
            },
            "require": {
                "ext-filter": "*",
                "ext-json": "*",
                "ext-pdo": "*",
                "ext-session": "*",
                "php": ">=8.4"
            },
            "type": "library",
            "autoload": {
                "psr-4": {
                    "CwfPhp\\CwfPhp\\": "src/"
                }
            },
            "notification-url": "https://packagist.org/downloads/",
            "license": [
                "BSD-3-Clause"
            ],
            "authors": [
                {
                    "name": "Michal Bocian",
                    "email": "bocian.michal@outlook.com"
                }
            ],
            "description": "CWF-PHP Framework",
            "homepage": "https://github.com/mhlbocian/cwf-php",
            "keywords": [
                "Authentication",
                "database",
                "easy-to-learn",
                "framework",
                "mvc"
            ],
            "support": {
                "issues": "https://github.com/mhlbocian/cwf-php/issues",
                "source": "https://github.com/mhlbocian/cwf-php/tree/0.84.0"
            },
            "time": "2025-04-27T19:12:31+00:00"
        }
    ],
    "packages-dev": [],
    "aliases": [],
    "minimum-stability": "dev",
    "stability-flags": {},
    "prefer-stable": false,
    "prefer-lowest": false,
    "platform": {},
    "platform-dev": {},
    "plugin-api-version": "2.6.0"
}
